# THIS IS AN AUTOGENERATED FILE. DO NOT EDIT THIS FILE DIRECTLY.
# yarn lockfile v1


"@react-navigation/elements@^1.3.6":
  version "1.3.6"
  resolved "https://registry.npmmirror.com/@react-navigation/elements/-/elements-1.3.6.tgz#fa700318528db93f05144b1be4b691b9c1dd1abe"
  integrity sha512-pNJ8R9JMga6SXOw6wGVN0tjmE6vegwPmJBL45SEMX2fqTfAk2ykDnlJHodRpHpAgsv0DaI8qX76z3A+aqKSU0w==

"@react-navigation/native-stack@^6.9.1":
  version "6.9.1"
  resolved "https://registry.npmmirror.com/@react-navigation/native-stack/-/native-stack-6.9.1.tgz#6013300e4cd0b33e242aa18593e4dff7db2ab3d1"
  integrity sha512-aOuJP97ge6NRz8wH6sDKfLTfdygGmraYh0apKrrVbGvMnflbPX4kpjQiAQcUPUpMeas0betH/Su8QubNL8HEkg==
  dependencies:
    "@react-navigation/elements" "^1.3.6"
    warn-once "^0.1.0"

warn-once@^0.1.0:
  version "0.1.1"
  resolved "https://registry.npmmirror.com/warn-once/-/warn-once-0.1.1.tgz#952088f4fb56896e73fd4e6a3767272a3fccce43"
  integrity sha512-VkQZJbO8zVImzYFteBXvBOZEl1qL175WH8VmZcxF2fZAoudNhNDvHi+doCaAEdU2l2vtcIwa2zn0QK5+I1HQ3Q==
